{
  "name": "people-manager",
  "version": "0.1.0",
  "lockfileVersion": 3,
  "requires": true,
  "packages": {
    "": {
      "name": "people-manager",
      "version": "0.1.0",
      "dependencies": {
        "@supabase/supabase-js": "^2.112.3",
        "exceljs": "^4.4.0",
        "next": "14.2.15",
        "react": "18.3.1",
        "react-dom": "18.3.1"
      },
      "devDependencies": {
        "@types/node": "22.7.4",
        "@types/react": "18.3.11",
        "@types/react-dom": "18.3.0",
        "typescript": "5.6.3"
      }
    },
    "node_modules/@fast-csv/format": {
      "version": "4.3.5",
      "resolved": "https://registry.npmjs.org/@fast-csv/format/-/format-4.3.5.tgz",
      "integrity": "sha512-8iRn6QF3I8Ak78lNAa+Gdl5MJJBM5vRHivFtMRUWINdevNo00K7OXxS2PshawLKTejVwieIlPmK5YlLu6w4u8A==",
      "license": "MIT",
      "dependencies": {
        "@types/node": "^14.0.1",
        "lodash.escaperegexp": "^4.1.2",
        "lodash.isboolean": "^3.0.3",
        "lodash.isequal": "^4.5.0",
        "lodash.isfunction": "^3.0.9",
        "lodash.isnil": "^4.0.0"
      }
    },
    "node_modules/@fast-csv/format/node_modules/@types/node": {
      "version": "14.18.63",
      "resolved": "https://registry.npmjs.org/@types/node/-/node-14.18.63.tgz",
      "integrity": "sha512-fAtCfv4jJg+ExtXhvCkCqUKZ+4ok/JQk01qDKhL5BDDoS3AxKXhV5/MAVUZyQnSEd2GT92fkgZl0pz0Q0AzcIQ==",
      "license": "MIT"
    },
    "node_modules/@fast-csv/parse": {
      "version": "4.3.6",
      "resolved": "https://registry.npmjs.org/@fast-csv/parse/-/parse-4.3.6.tgz",
      "integrity": "sha512-uRsLYksqpbDmWaSmzvJcuApSEe38+6NQZBUsuAyMZKqHxH0g1wcJgsKUvN3WC8tewaqFjBMMGrkHmC+T7k8LvA==",
      "license": "MIT",
      "dependencies": {
        "@types/node": "^14.0.1",
        "lodash.escaperegexp": "^4.1.2",
        "lodash.groupby": "^4.6.0",
        "lodash.isfunction": "^3.0.9",
        "lodash.isnil": "^4.0.0",
        "lodash.isundefined": "^3.0.1",
        "lodash.uniq": "^4.5.0"
      }
    },
    "node_modules/@fast-csv/parse/node_modules/@types/node": {
      "version": "14.18.63",
      "resolved": "https://registry.npmjs.org/@types/node/-/node-14.18.63.tgz",
      "integrity": "sha512-fAtCfv4jJg+ExtXhvCkCqUKZ+4ok/JQk01qDKhL5BDDoS3AxKXhV5/MAVUZyQnSEd2GT92fkgZl0pz0Q0AzcIQ==",
      "license": "MIT"
    },
    "node_modules/@next/env": {
      "version": "14.2.15",
      "resolved": "https://registry.npmjs.org/@next/env/-/env-14.2.15.tgz",
      "integrity": "sha512-S1qaj25Wru2dUpcIZMjxeMVSwkt8BK4dmWHHiBuRstcIyOsMapqT4A4jSB6onvqeygkSSmOkyny9VVx8JIGamQ==",
      "license": "MIT"
    },
    "node_modules/@next/swc-darwin-arm64": {
      "version": "14.2.15",
      "resolved": "https://registry.npmjs.org/@next/swc-darwin-arm64/-/swc-darwin-arm64-14.2.15.tgz",
      "integrity": "sha512-Rvh7KU9hOUBnZ9TJ28n2Oa7dD9cvDBKua9IKx7cfQQ0GoYUwg9ig31O2oMwH3wm+pE3IkAQ67ZobPfEgurPZIA==",
      "cpu": [
        "arm64"
      ],
      "license": "MIT",
      "optional": true,
      "os": [
        "darwin"
      ],
      "engines": {
        "node": ">= 10"
      }
    },
    "node_modules/@next/swc-darwin-x64": {
      "version": "14.2.15",
      "resolved": "https://registry.npmjs.org/@next/swc-darwin-x64/-/swc-darwin-x64-14.2.15.tgz",
      "integrity": "sha512-5TGyjFcf8ampZP3e+FyCax5zFVHi+Oe7sZyaKOngsqyaNEpOgkKB3sqmymkZfowy3ufGA/tUgDPPxpQx931lHg==",
      "cpu": [
        "x64"
      ],
      "license": "MIT",
      "optional": true,
      "os": [
        "darwin"
      ],
      "engines": {
        "node": ">= 10"
      }
    },
    "node_modules/@next/swc-linux-arm64-gnu": {
      "version": "14.2.15",
      "resolved": "https://registry.npmjs.org/@next/swc-linux-arm64-gnu/-/swc-linux-arm64-gnu-14.2.15.tgz",
      "integrity": "sha512-3Bwv4oc08ONiQ3FiOLKT72Q+ndEMyLNsc/D3qnLMbtUYTQAmkx9E/JRu0DBpHxNddBmNT5hxz1mYBphJ3mfrrw==",
      "cpu": [
        "arm64"
      ],
      "libc": [
        "glibc"
      ],
      "license": "MIT",
      "optional": true,
      "os": [
        "linux"
      ],
      "engines": {
        "node": ">= 10"
      }
    },
    "node_modules/@next/swc-linux-arm64-musl": {
      "version": "14.2.15",
      "resolved": "https://registry.npmjs.org/@next/swc-linux-arm64-musl/-/swc-linux-arm64-musl-14.2.15.tgz",
      "integrity": "sha512-k5xf/tg1FBv/M4CMd8S+JL3uV9BnnRmoe7F+GWC3DxkTCD9aewFRH1s5rJ1zkzDa+Do4zyN8qD0N8c84Hu96FQ==",
      "cpu": [
        "arm64"
      ],
      "libc": [
        "musl"
      ],
      "license": "MIT",
      "optional": true,
      "os": [
        "linux"
      ],
      "engines": {
        "node": ">= 10"
      }
    },
    "node_modules/@next/swc-linux-x64-gnu": {
      "version": "14.2.15",
      "resolved": "https://registry.npmjs.org/@next/swc-linux-x64-gnu/-/swc-linux-x64-gnu-14.2.15.tgz",
      "integrity": "sha512-kE6q38hbrRbKEkkVn62reLXhThLRh6/TvgSP56GkFNhU22TbIrQDEMrO7j0IcQHcew2wfykq8lZyHFabz0oBrA==",
      "cpu": [
        "x64"
      ],
      "libc": [
        "glibc"
      ],
      "license": "MIT",
      "optional": true,
      "os": [
        "linux"
      ],
      "engines": {
        "node": ">= 10"
      }
    },
    "node_modules/@next/swc-linux-x64-musl": {
      "version": "14.2.15",
      "resolved": "https://registry.npmjs.org/@next/swc-linux-x64-musl/-/swc-linux-x64-musl-14.2.15.tgz",
      "integrity": "sha512-PZ5YE9ouy/IdO7QVJeIcyLn/Rc4ml9M2G4y3kCM9MNf1YKvFY4heg3pVa/jQbMro+tP6yc4G2o9LjAz1zxD7tQ==",
      "cpu": [
        "x64"
      ],
      "libc": [
        "musl"
      ],
      "license": "MIT",
      "optional": true,
      "os": [
        "linux"
      ],
      "engines": {
        "node": ">= 10"
      }
    },
    "node_modules/@next/swc-win32-arm64-msvc": {
      "version": "14.2.15",
      "resolved": "https://registry.npmjs.org/@next/swc-win32-arm64-msvc/-/swc-win32-arm64-msvc-14.2.15.tgz",
      "integrity": "sha512-2raR16703kBvYEQD9HNLyb0/394yfqzmIeyp2nDzcPV4yPjqNUG3ohX6jX00WryXz6s1FXpVhsCo3i+g4RUX+g==",
      "cpu": [
        "arm64"
      ],
      "license": "MIT",
      "optional": true,
      "os": [
        "win32"
      ],
      "engines": {
        "node": ">= 10"
      }
    },
    "node_modules/@next/swc-win32-ia32-msvc": {
      "version": "14.2.15",
      "resolved": "https://registry.npmjs.org/@next/swc-win32-ia32-msvc/-/swc-win32-ia32-msvc-14.2.15.tgz",
      "integrity": "sha512-fyTE8cklgkyR1p03kJa5zXEaZ9El+kDNM5A+66+8evQS5e/6v0Gk28LqA0Jet8gKSOyP+OTm/tJHzMlGdQerdQ==",
      "cpu": [
        "ia32"
      ],
      "license": "MIT",
      "optional": true,
      "os": [
        "win32"
      ],
      "engines": {
        "node": ">= 10"
      }
    },
    "node_modules/@next/swc-win32-x64-msvc": {
      "version": "14.2.15",
      "resolved": "https://registry.npmjs.org/@next/swc-win32-x64-msvc/-/swc-win32-x64-msvc-14.2.15.tgz",
      "integrity": "sha512-SzqGbsLsP9OwKNUG9nekShTwhj6JSB9ZLMWQ8g1gG6hdE5gQLncbnbymrwy2yVmH9nikSLYRYxYMFu78Ggp7/g==",
      "cpu": [
        "x64"
      ],
      "license": "MIT",
      "optional": true,
      "os": [
        "win32"
      ],
      "engines": {
        "node": ">= 10"
      }
    },
    "node_modules/@supabase/auth-js": {
      "version": "2.112.3",
      "resolved": "https://registry.npmjs.org/@supabase/auth-js/-/auth-js-2.112.3.tgz",
      "integrity": "sha512-NA0rsgAlWZPvbhw8aUdmgfpHVgUAcd8zK5ov43l++o1bLIPXZhRiAlRobhwF5AatQuovpqxsMH50F4oyyV4XZw==",
      "license": "MIT",
      "dependencies": {
        "tslib": "2.8.1"
      },
      "engines": {
        "node": ">=22.0.0"
      }
    },
    "node_modules/@supabase/functions-js": {
      "version": "2.112.3",
      "resolved": "https://registry.npmjs.org/@supabase/functions-js/-/functions-js-2.112.3.tgz",
      "integrity": "sha512-gfv481mTOVWtZIJgXupxZpni2V2UWPf6jeF/jOK7HdMHdH+mt6sU0sHHwf0POsPip8ltlulu9OUHgwVzl5ddRw==",
      "license": "MIT",
      "dependencies": {
        "tslib": "2.8.1"
      },
      "engines": {
        "node": ">=22.0.0"
      }
    },
    "node_modules/@supabase/phoenix": {
      "version": "0.4.5",
      "resolved": "https://registry.npmjs.org/@supabase/phoenix/-/phoenix-0.4.5.tgz",
      "integrity": "sha512-aAn9H9ovVyeApKy11OWOrrOGq8DV68yWeH4ud2lN9fzn4aO8Zb5GLL9m1pUg9nLqIcT+ZDfAcsZe0E/nqdv2lw==",
      "license": "MIT"
    },
    "node_modules/@supabase/postgrest-js": {
      "version": "2.112.3",
      "resolved": "https://registry.npmjs.org/@supabase/postgrest-js/-/postgrest-js-2.112.3.tgz",
      "integrity": "sha512-+Mf6uCpzr00bqxwX8hTK2X2L9eAL/1vuOjdEjx6upz9ulb0RmQT16XeU/JkMUlVHw/B46ZnPa2busY4Kd9YCzw==",
      "license": "MIT",
      "dependencies": {
        "tslib": "2.8.1"
      },
      "engines": {
        "node": ">=22.0.0"
      }
    },
    "node_modules/@supabase/realtime-js": {
      "version": "2.112.3",
      "resolved": "https://registry.npmjs.org/@supabase/realtime-js/-/realtime-js-2.112.3.tgz",
      "integrity": "sha512-E6wljXWs7DUOloyIB69i3YFInWE6IyCvgTAbQ0KYxOHv26FdA1KzEXTuzxrYEdf70t406Z9BRwUlGyclGF2FXA==",
      "license": "MIT",
      "dependencies": {
        "@supabase/phoenix": "0.4.5",
        "tslib": "2.8.1"
      },
      "engines": {
        "node": ">=22.0.0"
      }
    },
    "node_modules/@supabase/storage-js": {
      "version": "2.112.3",
      "resolved": "https://registry.npmjs.org/@supabase/storage-js/-/storage-js-2.112.3.tgz",
      "integrity": "sha512-oSK61tzlUvg+BWPqpKQCu9qqonsO26btaoAR9D6Gest2aj7xUqToj9rKyaoYOJczkhg9BjqA1REbYy9tPI4bDA==",
      "license": "MIT",
      "dependencies": {
        "iceberg-js": "^0.8.1",
        "tslib": "2.8.1"
      },
      "engines": {
        "node": ">=22.0.0"
      }
    },
    "node_modules/@supabase/supabase-js": {
      "version": "2.112.3",
      "resolved": "https://registry.npmjs.org/@supabase/supabase-js/-/supabase-js-2.112.3.tgz",
      "integrity": "sha512-Jv1bxVQmEJNkjvPEhFaKjPzsh+Ozyew6lWGD+SoYcsclDEP1z7yEvKvfUQfzy0DkxRIQnZNxmmWtAzw5XLTQoA==",
      "license": "MIT",
      "dependencies": {
        "@supabase/auth-js": "2.112.3",
        "@supabase/functions-js": "2.112.3",
        "@supabase/postgrest-js": "2.112.3",
        "@supabase/realtime-js": "2.112.3",
        "@supabase/storage-js": "2.112.3"
      },
      "engines": {
        "node": ">=22.0.0"
      },
      "peerDependencies": {
        "@opentelemetry/api": ">=1.0.0"
      },
      "peerDependenciesMeta": {
        "@opentelemetry/api": {
          "optional": true
        }
      }
    },
    "node_modules/@swc/counter": {
      "version": "0.1.3",
      "resolved": "https://registry.npmjs.org/@swc/counter/-/counter-0.1.3.tgz",
      "integrity": "sha512-e2BR4lsJkkRlKZ/qCHPw9ZaSxc0MVUd7gtbtaB7aMvHeJVYe8sOB8DBZkP2DtISHGSku9sCK6T6cnY0CtXrOCQ==",
      "license": "Apache-2.0"
    },
    "node_modules/@swc/helpers": {
      "version": "0.5.5",
      "resolved": "https://registry.npmjs.org/@swc/helpers/-/helpers-0.5.5.tgz",
      "integrity": "sha512-KGYxvIOXcceOAbEk4bi/dVLEK9z8sZ0uBB3Il5b1rhfClSpcX0yfRO0KmTkqR2cnQDymwLB+25ZyMzICg/cm/A==",
      "license": "Apache-2.0",
      "dependencies": {
        "@swc/counter": "^0.1.3",
        "tslib": "^2.4.0"
      }
    },
    "node_modules/@types/node": {
      "version": "22.7.4",
      "resolved": "https://registry.npmjs.org/@types/node/-/node-22.7.4.tgz",
      "integrity": "sha512-y+NPi1rFzDs1NdQHHToqeiX2TIS79SWEAw9GYhkkx8bD0ChpfqC+n2j5OXOCpzfojBEBt6DnEnnG9MY0zk1XLg==",
      "dev": true,
      "license": "MIT",
      "dependencies": {
        "undici-types": "~6.19.2"
      }
    },
    "node_modules/@types/prop-types": {
      "version": "15.7.15",
      "resolved": "https://registry.npmjs.org/@types/prop-types/-/prop-types-15.7.15.tgz",
      "integrity": "sha512-F6bEyamV9jKGAFBEmlQnesRPGOQqS2+Uwi0Em15xenOxHaf2hv6L8YCVn3rPdPJOiJfPiCnLIRyvwVaqMY3MIw==",
      "dev": true,
      "license": "MIT"
    },
    "node_modules/@types/react": {
      "version": "18.3.11",
      "resolved": "https://registry.npmjs.org/@types/react/-/react-18.3.11.tgz",
      "integrity": "sha512-r6QZ069rFTjrEYgFdOck1gK7FLVsgJE7tTz0pQBczlBNUhBNk0MQH4UbnFSwjpQLMkLzgqvBBa+qGpLje16eTQ==",
      "dev": true,
      "license": "MIT",
      "dependencies": {
        "@types/prop-types": "*",
        "csstype": "^3.0.2"
      }
    },
    "node_modules/@types/react-dom": {
      "version": "18.3.0",
      "resolved": "https://registry.npmjs.org/@types/react-dom/-/react-dom-18.3.0.tgz",
      "integrity": "sha512-EhwApuTmMBmXuFOikhQLIBUn6uFg81SwLMOAUgodJF14SOBOCMdU04gDoYi0WOJJHD144TL32z4yDqCW3dnkQg==",
      "dev": true,
      "license": "MIT",
      "dependencies": {
        "@types/react": "*"
      }
    },
    "node_modules/archiver": {
      "version": "5.3.2",
      "resolved": "https://registry.npmjs.org/archiver/-/archiver-5.3.2.tgz",
      "integrity": "sha512-+25nxyyznAXF7Nef3y0EbBeqmGZgeN/BxHX29Rs39djAfaFalmQ89SE6CWyDCHzGL0yt/ycBtNOmGTW0FyGWNw==",
      "license": "MIT",
      "dependencies": {
        "archiver-utils": "^2.1.0",
        "async": "^3.2.4",
        "buffer-crc32": "^0.2.1",
        "readable-stream": "^3.6.0",
        "readdir-glob": "^1.1.2",
        "tar-stream": "^2.2.0",
        "zip-stream": "^4.1.0"
      },
      "engines": {
        "node": ">= 10"
      }
    },
    "node_modules/archiver-utils": {
      "version": "2.1.0",
      "resolved": "https://registry.npmjs.org/archiver-utils/-/archiver-utils-2.1.0.tgz",
      "integrity": "sha512-bEL/yUb/fNNiNTuUz979Z0Yg5L+LzLxGJz8x79lYmR54fmTIb6ob/hNQgkQnIUDWIFjZVQwl9Xs356I6BAMHfw==",
      "license": "MIT",
      "dependencies": {
        "glob": "^7.1.4",
        "graceful-fs": "^4.2.0",
        "lazystream": "^1.0.0",
        "lodash.defaults": "^4.2.0",
        "lodash.difference": "^4.5.0",
        "lodash.flatten": "^4.4.0",
        "lodash.isplainobject": "^4.0.6",
        "lodash.union": "^4.6.0",
        "normalize-path": "^3.0.0",
        "readable-stream": "^2.0.0"
      },
      "engines": {
        "node": ">= 6"
      }
    },
    "node_modules/archiver-utils/node_modules/readable-stream": {
      "version": "2.3.8",
      "resolved": "https://registry.npmjs.org/readable-stream/-/readable-stream-2.3.8.tgz",
      "integrity": "sha512-8p0AUk4XODgIewSi0l8Epjs+EVnWiK7NoDIEGU0HhE7+ZyY8D1IMY7odu5lRrFXGg71L15KG8QrPmum45RTtdA==",
      "license": "MIT",
      "dependencies": {
        "core-util-is": "~1.0.0",
        "inherits": "~2.0.3",
        "isarray": "~1.0.0",
        "process-nextick-args": "~2.0.0",
        "safe-buffer": "~5.1.1",
        "string_decoder": "~1.1.1",
        "util-deprecate": "~1.0.1"
      }
    },
    "node_modules/archiver-utils/node_modules/safe-buffer": {
      "version": "5.1.2",
      "resolved": "https://registry.npmjs.org/safe-buffer/-/safe-buffer-5.1.2.tgz",
      "integrity": "sha512-Gd2UZBJDkXlY7GbJxfsE8/nvKkUEU1G38c1siN6QP6a9PT9MmHB8GnpscSmMJSoF8LOIrt8ud/wPtojys4G6+g==",
      "license": "MIT"
    },
    "node_modules/archiver-utils/node_modules/string_decoder": {
      "version": "1.1.1",
      "resolved": "https://registry.npmjs.org/s×MwÒÚ$z{-®éÜj×GVÆW2÷F‚Ö—2Ö'6öÇWFR#¢°¢'fW'6–öâ#¢#ãã"À¢'&W6öÇfVB#¢&‡GG3¢ò÷&Vv—7G'’æçÖ§2æ÷&r÷F‚Ö—2Ö'6öÇWFRòÒ÷F‚Ö—2Ö'6öÇWFRÓããçFw¢"À¢&–çFVw&—G’#¢'6†S"Ôf's5T£&S–'cGe63”Óf¦S‡$wEG6Õ†f–”×ç#TFÄF†d¤÷TÆ£•6c“U¥dDVW$FdV³ƒ„ÕÕSuT5sÓÒ"À¢&Æ–6Vç6R#¢$Ô•B"À¢&Væv–æW2#¢°¢&æöFR#¢#ãÓãã ¢Ð¢ÒÀ¢&æöFUöÖöGVÆW2÷–6ö6öÆ÷'2#¢°¢'fW'6–öâ#¢#ãã"À¢'&W6öÇfVB#¢&‡GG3¢ò÷&Vv—7G'’æçÖ§2æ÷&r÷–6ö6öÆ÷'2òÒ÷–6ö6öÆ÷'2ÓããçFw¢"À¢&–çFVw&—G’#¢'6†S"×†6Tƒ'6æ‡F#TÓ–Æ—G6ÔWsSfÆS3sfÕE¦´U‚ö¤V"õ'„äg–VtçVÃvTç6Ä5…”dF¢ôÆ7Sƒ„´W”Ö6U&çG‡$DUdÓÒ"À¢&Æ–6Vç6R#¢$•42 ¢ÒÀ¢&æöFUöÖöGVÆW2÷÷7F772#¢°¢'fW'6–öâ#¢#‚ãBã3"À¢'&W6öÇfVB#¢&‡GG3¢ò÷&Vv—7G'’æçÖ§2æ÷&r÷÷7F772òÒ÷÷7F772Ó‚ãBã3çFw¢"À¢&–çFVw&—G’#¢'6†S"Õ3„–&ö––×G2ó'–uc6TÇ“Vv†åV6dÅbôU…DõsS'—„¤´tt%WDæ¤ãsde”†ä×33e&Ô&ãC$3¦Öâ·%#õgÓÒ"À¢&gVæF–ær#¢°¢°¢'G—R#¢&÷Væ6öÆÆV7F—fR"À¢'W&Â#¢&‡GG3¢òö÷Væ6öÆÆV7F—fRæ6öÒ÷÷7F772ò ¢ÒÀ¢°¢'G—R#¢'F–FVÆ–gB"À¢'W&Â#¢&‡GG3¢ò÷F–FVÆ–gBæ6öÒögVæF–æröv—F‡V"öçÒ÷÷7F772 ¢ÒÀ¢°¢'G—R#¢&v—F‡V""À¢'W&Â#¢&‡GG3¢òöv—F‡V"æ6öÒ÷7öç6÷'2ö’ ¢Ð¢ÒÀ¢&Æ–6Vç6R#¢$Ô•B"À¢&FWVæFVæ6–W2#¢°¢&ææö–B#¢%ã2ã2ãb"À¢'–6ö6öÆ÷'2#¢%ããã"À¢'6÷W&6RÖÖÖ§2#¢%ããã" ¢ÒÀ¢&Væv–æW2#¢°¢&æöFR#¢%ãÇÂã"ÇÂãÓB ¢Ð¢ÒÀ¢&æöFUöÖöGVÆW2÷&ö6W72ÖæW‡F–6²Ö&w2#¢°¢'fW'6–öâ#¢#"ãã"À¢'&W6öÇfVB#¢&‡GG3¢ò÷&Vv—7G'’æçÖ§2æ÷&r÷&ö6W72ÖæW‡F–6²Ö&w2òÒ÷&ö6W72ÖæW‡F–6²Ö&w2Ó"ããçFw¢"À¢&–çFVw&—G’#¢'6†S"Ó6÷UT÷‡Fw&$öt£r·W„õG•E•vurô†õ#2´²óS—6·'¦VÄv’öE‡¤U——f'‡V$Tcevã'—65D¶”´¤dfãsÓÒ"À¢&Æ–6Vç6R#¢$Ô•B ¢ÒÀ¢&æöFUöÖöGVÆW2÷&V7B#¢°¢'fW'6–öâ#¢#‚ã2ã"À¢'&W6öÇfVB#¢&‡GG3¢ò÷&Vv—7G'’æçÖ§2æ÷&r÷&V7BòÒ÷&V7BÓ‚ã2ãçFw¢"À¢&–çFVw&—G’#¢'6†S"×u2¶„t¥6…#¶„We¤&gUdã´‡£C“fãV¤Ç$u&¶#GW&uRó'fR³´Ô#böõvt†vÓEt–5b¶“tc'Ef¢³&•ÓÒ"À¢&Æ–6Vç6R#¢$Ô•B"À¢&FWVæFVæ6–W2#¢°¢&Æö÷6RÖVçf–g’#¢%ããã ¢ÒÀ¢&Væv–æW2#¢°¢&æöFR#¢#ãÓãã ¢Ð¢ÒÀ¢&æöFUöÖöGVÆW2÷&V7BÖFöÒ#¢°¢'fW'6–öâ#¢#‚ã2ã"À¢'&W6öÇfVB#¢&‡GG3¢ò÷&Vv—7G'’æçÖ§2æ÷&r÷&V7BÖFöÒòÒ÷&V7BÖFöÒÓ‚ã2ãçFw¢"À¢&–çFVw&—G’#¢'6†S"ÓVÓFå··%¥&#”ÄäƒS”tÓD'…Fƒ“#S÷–Æ$´–'SuGw†d¢³–·cd$Æ´Ä%„–¦§7&v&ä”$çÄ“#7E&åEuC6åT—sÓÒ"À¢&Æ–6Vç6R#¢$Ô•B"À¢&FWVæFVæ6–W2#¢°¢&Æö÷6RÖVçf–g’#¢%ããã"À¢'66†VGVÆW"#¢%ãã#2ã" ¢ÒÀ¢'VW$FWVæFVæ6–W2#¢°¢'&V7B#¢%ã‚ã2ã ¢Ð¢ÒÀ¢&æöFUöÖöGVÆW2÷&VF&ÆR×7G&VÒ#¢°¢'fW'6–öâ#¢#2ãbã""À¢'&W6öÇfVB#¢&‡GG3¢ò÷&Vv—7G'’æçÖ§2æ÷&r÷&VF&ÆR×7G&VÒòÒ÷&VF&ÆR×7G&VÒÓ2ãbã"çFw¢"À¢&–çFVw&—G’#¢'6†S"Ó—R÷6æ”7%“4CUvG4U$‡¤„SDs%”5‡ôsTeD…V”43E4–'#e†4Å¤%“W–”T¶¥–V³”óW„ôv¤w³¦Dt$3u•66ôÓÒ"À¢&Æ–6Vç6R#¢$Ô•B"À¢&FWVæFVæ6–W2#¢°¢&–æ†W&—G2#¢%ã"ãã2"À¢'7G&–æuöFV6öFW"#¢%ããã"À¢'WF–ÂÖFW&V6FR#¢%ããã ¢ÒÀ¢&Væv–æW2#¢°¢&æöFR#¢#ãÒb ¢Ð¢ÒÀ¢&æöFUöÖöGVÆW2÷&VFF—"ÖvÆö"#¢°¢'fW'6–öâ#¢#ãã2"À¢'&W6öÇfVB#¢&‡GG3¢ò÷&Vv—7G'’æçÖ§2æ÷&r÷&VFF—"ÖvÆö"òÒ÷&VFF—"ÖvÆö"Óãã2çFw¢"À¢&–çFVw&—G’#¢'6†S"×cT“&³w„ã‡¥‡eC”â·¢÷V……£5Td6S'&5u¤—'7†ew…„eF—B÷v¦£—…w•wEU3T”D§ôsƒ$¤·C$TdÓÒ"À¢&Æ–6Vç6R#¢$6†RÓ"ã"À¢&FWVæFVæ6–W2#¢°¢&Ö–æ–ÖF6‚#¢%ãRãã ¢Ð¢ÒÀ¢&æöFUöÖöGVÆW2÷&VFF—"ÖvÆö"öæöFUöÖöGVÆW2ö'&6RÖW‡ç6–öâ#¢°¢'fW'6–öâ#¢#"ããB"À¢'&W6öÇfVB#¢&‡GG3¢ò÷&Vv—7G'’æçÖ§2æ÷&rö'&6RÖW‡ç6–öâòÒö'&6RÖW‡ç6–öâÓ"ããBçFw¢"À¢&–çFVw&—G’#¢'6†S"Ö„veg¥‡F†&c2³'–¦rõ$'3c4#f‡%2÷§fEbóGvãBô&Ôã$äÔÔ…3Ebô&$f–WcD´tt†å“FU6¦¤6Ãc%†sÓÒ"À¢&Æ–6Vç6R#¢$Ô•B"À¢&FWVæFVæ6–W2#¢°¢&&Ææ6VBÖÖF6‚#¢%ããã ¢Ð¢ÒÀ¢&æöFUöÖöGVÆW2÷&VFF—"ÖvÆö"öæöFUöÖöGVÆW2öÖ–æ–ÖF6‚#¢°¢'fW'6–öâ#¢#Rãã’"À¢'&W6öÇfVB#¢&‡GG3¢ò÷&Vv—7G'’æçÖ§2æ÷&röÖ–æ–ÖF6‚òÒöÖ–æ–ÖF6‚ÓRãã’çFw¢"À¢&–çFVw&—G’#¢'6†S"ÓvótT%'”Õt—Sttæ&—f3%utt4¤ô5¤$¥ƒ$t¥v—–µb·v4÷6ugU“—TS„5—•†´te6Æ‡U6µ¥dãwS3$gsÓÒ"À¢&Æ–6Vç6R#¢$•42"À¢&FWVæFVæ6–W2#¢°¢&'&6RÖW‡ç6–öâ#¢%ã"ãã ¢ÒÀ¢&Væv–æW2#¢°¢&æöFR#¢#ãÓ ¢Ð¢ÒÀ¢&æöFUöÖöGVÆW2÷&–×&b#¢°¢'fW'6–öâ#¢#"ãrã"À¢'&W6öÇfVB#¢&‡GG3¢ò÷&Vv—7G'’æçÖ§2æ÷&r÷&–×&bòÒ÷&–×&bÓ"ãrãçFw¢"À¢&–çFVw&—G’#¢'6†S"×Uv¦&´”³5Cõ5gG¥ƒtæÃee7wD´WEe&¥'V¦¦dÃ4'ƒVT“C•e¥7täB³ETææ×¤ÅfE£”gd¤å%¤gfSGsÓÒ"À¢&FW&V6FVB#¢%&–×&bfW'6–öç2&–÷"FòcB&RæòÆöævW"7W÷'FVB"À¢&Æ–6Vç6R#¢$•42"À¢&FWVæFVæ6–W2#¢°¢&vÆö"#¢%ãrãã2 ¢ÒÀ¢&&–â#¢°¢'&–×&b#¢&&–âæ§2 ¢Ð¢ÒÀ¢&æöFUöÖöGVÆW2÷6fRÖ'VffW"#¢°¢'fW'6–öâ#¢#Rã"ã"À¢'&W6öÇfVB#¢&‡GG3¢ò÷&Vv—7G'’æçÖ§2æ÷&r÷6fRÖ'VffW"òÒ÷6fRÖ'VffW"ÓRã"ãçFw¢"À¢&–çFVw&—G’#¢'6†S"×'56ót¶6FÖÔ¶$wfvç…4§#v$ue5f³U3”Wb·%&ósµ–VG†·sTFC„åâ´tCf&¦å–Ó%gUT5†×U—fÔ5…ÓÒ"À¢&gVæF–ær#¢°¢°¢'G—R#¢&v—F‡V""À¢'W&Â#¢&‡GG3¢òöv—F‡V"æ6öÒ÷7öç6÷'2öfW&÷72 ¢ÒÀ¢°¢'G—R#¢'G&Vöâ"À¢'W&Â#¢&‡GG3¢ò÷wwrçG&Vöâæ6öÒöfW&÷72 ¢ÒÀ¢°¢'G—R#¢&6öç7VÇF–ær"À¢'W&Â#¢&‡GG3¢òöfW&÷72æ÷&r÷7W÷'B ¢Ð¢ÒÀ¢&Æ–6Vç6R#¢$Ô•B ¢ÒÀ¢&æöFUöÖöGVÆW2÷6†W2#¢°¢'fW'6–öâ#¢#Rãã"À¢'&W6öÇfVB#¢&‡GG3¢ò÷&Vv—7G'’æçÖ§2æ÷&r÷6†W2òÒ÷6†W2ÓRããçFw¢"À¢&–çFVw&—G’#¢'6†S"ÓTÄ&ƒFÇ3†3—†tv§s5$×tUFÕDÕf³ôfwg$e7ewƒc&ÆÅ#&†4T–ç$´å£$u¤47WW“&Çew&FÃV¦†'W3V…%”´dö7sÓÒ"À¢&Æ–6Vç6R#¢$•42"À¢&FWVæFVæ6–W2#¢°¢'†ÖÆ6†'2#¢%ã"ã"ã ¢ÒÀ¢&Væv–æW2#¢°¢&æöFR#¢#ãÓ ¢Ð¢ÒÀ¢&æöFUöÖöGVÆW2÷66†VGVÆW"#¢°¢'fW'6–öâ#¢#ã#2ã""À¢'&W6öÇfVB#¢&‡GG3¢ò÷&Vv—7G'’æçÖ§2æ÷&r÷66†VGVÆW"òÒ÷66†VGVÆW"Óã#2ã"çFw¢"À¢&–çFVw&—G’#¢'6†S"ÕTõ6‡5w£tç$ÕW…#gC…v¤fGWd÷¦'GcwFôDƒö„—&e$ä”D&æä%vC7t¥DweGæufÆ×tt6E’õ¦Â÷Eg$G7U—¥ÓÒ"À¢&Æ–6Vç6R#¢$Ô•B"À¢&FWVæFVæ6–W2#¢°¢&Æö÷6RÖVçf–g’#¢%ããã ¢Ð¢ÒÀ¢&æöFUöÖöGVÆW2÷6WF–ÖÖVF–FR#¢°¢'fW'6–öâ#¢#ããR"À¢'&W6öÇfVB#¢&‡GG3¢ò÷&Vv—7G'’æçÖ§2æ÷&r÷6WF–ÖÖVF–FRòÒ÷6WF–ÖÖVF–FRÓããRçFw¢"À¢&–çFVw&—G’#¢'6†S"ÔÔD¦E§‡4ÇFÂóc„ÆeÖ%‡¤µÅåcd$•¦ô–w'64dEµ'7d²ô'†TEöw—„´¶öƒ’ó†ƒ4'dfä7övB·&V”•„ÓÒ"À¢&Æ–6Vç6R#¢$Ô•B ¢ÒÀ¢&æöFUöÖöGVÆW2÷6÷W&6RÖÖÖ§2#¢°¢'fW'6–öâ#¢#ã"ã"À¢'&W6öÇfVB#¢&‡GG3¢ò÷&Vv—7G'’æçÖ§2æ÷&r÷6÷W&6RÖÖÖ§2òÒ÷6÷W&6RÖÖÖ§2Óã"ãçFw¢"À¢&–çFVw&—G’#¢'6†S"ÕU…tÔ¶„Ä÷ud¶#s#„•WE‡†e•R·W6G–'EW$²ó‡TtS„5×g&„÷wg¤D'v£…4ÃtÕ3wd—4•4$s…e‚´”E‡eÓÒ"À¢&Æ–6Vç6R#¢$%4BÓ2Ô6ÆW6R"À¢&Væv–æW2#¢°¢&æöFR#¢#ãÓãã ¢Ð¢ÒÀ¢&æöFUöÖöGVÆW2÷7G&V×6V&6‚#¢°¢'fW'6–öâ#¢#ãã"À¢'&W6öÇfVB#¢&‡GG3¢ò÷&Vv—7G'’æçÖ§2æ÷&r÷7G&V×6V&6‚òÒ÷7G&V×6V&6‚ÓããçFw¢"À¢&–çFVw&—G’#¢'6†S"ÔÖ63Wt†V‡–‡£ƒf%¥W•“Vfs—S''cV7“6Õ'%–´t3‡%s&„Ó&¥wWv§DÂ²´Å3W–å7–†£%dÇ”ç7V2µg4W†sÓÒ"À¢&Væv–æW2#¢°¢&æöFR#¢#ãÓãã ¢Ð¢ÒÀ¢&æöFUöÖöGVÆW2÷7G&–æuöFV6öFW"#¢°¢'fW'6–öâ#¢#ã2ã"À¢'&W6öÇfVB#¢&‡GG3¢ò÷&Vv—7G'’æçÖ§2æ÷&r÷7G&–æuöFV6öFW"òÒ÷7G&–æuöFV6öFW"Óã2ãçFw¢"À¢&–çFVw&—G’#¢'6†S"Ö†µ%ƒ…Sv¤¤fC„Ç4D£'•÷uuw†÷W4%S†f´Ó„¶£³ƒT¤wCf7#v†sd´–&#FöµSd×Ãd$ö¢·WW÷t¶TÓÒ"À¢&Æ–6Vç6R#¢$Ô•B"À¢&FWVæFVæ6–W2#¢°¢'6fRÖ'VffW"#¢'ãRã"ã ¢Ð¢ÒÀ¢&æöFUöÖöGVÆW2÷7G–ÆVBÖ§7‚#¢°¢'fW'6–öâ#¢#Rãã"À¢'&W6öÇfVB#¢&‡GG3¢ò÷&Vv—7G'’æçÖ§2æ÷&r÷7G–ÆVBÖ§7‚òÒ÷7G–ÆVBÖ§7‚ÓRããçFw¢"À¢&–çFVw&—G’#¢'6†S"×swT3ÃFÔ%£‡Vv&•§&4—6”—egƒVÕFgsuV´35VÓ'FÖeW”&†³„–—”T•Ãdc†t†v§¦·Sf£…U¦&dWU6u67sÓÒ"À¢&Æ–6Vç6R#¢$Ô•B"À¢&FWVæFVæ6–W2#¢°¢&6Æ–VçBÖöæÇ’#¢#ãã ¢ÒÀ¢&Væv–æW2#¢°¢&æöFR#¢#ãÒ"ãã ¢ÒÀ¢'VW$FWVæFVæ6–W2#¢°¢'&V7B#¢#ãÒbã‚ãÇÂrç‚ç‚ÇÂã‚ããÓ ¢ÒÀ¢'VW$FWVæFVæ6–W4ÖWF#¢°¢$&&VÂö6÷&R#¢°¢&÷F–öæÂ#¢G'VP¢ÒÀ¢&&&VÂ×ÇVv–âÖÖ7&÷2#¢°¢&÷F–öæÂ#¢G'VP¢Ð¢Ð¢ÒÀ¢&æöFUöÖöGVÆW2÷F"×7G&VÒ#¢°¢'fW'6–öâ#¢#"ã"ã"À¢'&W6öÇfVB#¢&‡GG3¢ò÷&Vv—7G'’æçÖ§2æ÷&r÷F"×7G&VÒòÒ÷F"×7G&VÒÓ"ã"ãçFw¢"À¢&–çFVw&—G’#¢'6†S"×V¦W&6T&wtÕ§„T¦æ³$„E“$FÆåU¢³–ôV6#·¥Efe”†–óTSfDssãcC„C$“GçfÆUw'%‡Ö§Cwe¦TcÆäÕ¥ÓÒ"À¢&Æ–6Vç6R#¢$Ô•B"À¢&FWVæFVæ6–W2#¢°¢&&Â#¢%ãBãã2"À¢&VæBÖöb×7G&VÒ#¢%ããBã"À¢&g2Ö6öç7FçG2#¢%ããã"À¢&–æ†W&—G2#¢%ã"ãã2"À¢'&VF&ÆR×7G&VÒ#¢%ã2ãã ¢ÒÀ¢&Væv–æW2#¢°¢&æöFR#¢#ãÓb ¢Ð¢ÒÀ¢&æöFUöÖöGVÆW2÷F×#¢°¢'fW'6–öâ#¢#ã"ãr"À¢'&W6öÇfVB#¢&‡GG3¢ò÷&Vv—7G'’æçÖ§2æ÷&r÷F×òÒ÷F×Óã"ãrçFw¢"À¢&–çFVw&—G’#¢'6†S"ÖSf÷D—EVó$¥•7¥d…cg„66wV–W£4G§D'%F35—„&·ÄãfR¶DÓ5¦T–5¦äFrõ7US'¦e£7'§u“‡V´Væ‡sÓÒ"À¢&Æ–6Vç6R#¢$Ô•B"À¢&Væv–æW2#¢°¢&æöFR#¢#ãÓBãB ¢Ð¢ÒÀ¢&æöFUöÖöGVÆW2÷G&fW'6R#¢°¢'fW'6–öâ#¢#ã2ã’"À¢'&W6öÇfVB#¢&‡GG3¢ò÷&Vv—7G'’æçÖ§2æ÷&r÷G&fW'6RòÒ÷G&fW'6RÓã2ã’çFw¢"À¢&–çFVw&—G’#¢'6†S"Ö–vv³„Å57„t´FfäD¦c‡uG£G'–Öç––„ÓT†‚÷4we4³3vE’÷s‡5&†Dä—…”Gtgv3VÔF„”§´ó'7e„$¶EÓÒ"À¢&Æ–6Vç6R#¢$Ô•Bõƒ"À¢&Væv–æW2#¢°¢&æöFR#¢"¢ ¢Ð¢ÒÀ¢&æöFUöÖöGVÆW2÷G6Æ–"#¢°¢'fW'6–öâ#¢#"ã‚ã"À¢'&W6öÇfVB#¢&‡GG3¢ò÷&Vv—7G'’æçÖ§2æ÷&r÷G6Æ–"òÒ÷G6Æ–"Ó"ã‚ãçFw¢"À¢&–çFVw&—G’#¢'6†S"Öô¤gS“D…"´µfGU5UÃwvç×æfÔÇ4ôöäƒf#dTƒt4Vô³öÕU…Sf37t´Ecƒ4Ö´÷T…$‡E5„´µS“””&¥2ó'sÓÒ"À¢&Æ–6Vç6R#¢#%4B ¢ÒÀ¢&æöFUöÖöGVÆW2÷G—W67&—B#¢°¢'fW'6–öâ#¢#Rãbã2"À¢'&W6öÇfVB#¢&‡GG3¢ò÷&Vv—7G'’æçÖ§2æ÷&r÷G—W67&—BòÒ÷G—W67&—BÓRãbã2çFw¢"À¢&–çFVw&—G’#¢'6†S"Ö†¦53Ö†gW–“Eus„•wF¥v'$G$s&7TE§V·—%—%6Võ„tæwƒ3w¦6UvE–´§–4W#Sd$õUDå¦$–æöö”ã6fãsÓÒ"À¢&FWb#¢G'VRÀ¢&Æ–6Vç6R#¢$6†RÓ"ã"À¢&&–â#¢°¢'G62#¢&&–â÷G62"À¢'G76W'fW"#¢&&–â÷G76W'fW" ¢ÒÀ¢&Væv–æW2#¢°¢&æöFR#¢#ãÓBãr ¢Ð¢ÒÀ¢&æöFUöÖöGVÆW2÷VæF–6’×G—W2#¢°¢'fW'6–öâ#¢#bã’ã‚"À¢'&W6öÇfVB#¢&‡GG3¢ò÷&Vv—7G'’æçÖ§2æ÷&r÷VæF–6’×G—W2òÒ÷VæF–6’×G—W2Óbã’ã‚çFw¢"À¢&–çFVw&—G’#¢'6†S"×fS$µfbô¦æ%$g–ö$t‡VW$3–se”vâôc†ãÅuGtç„4W¦Cd–gGuU4å†tWFÖÕdFÅ'$3‡%7$&ä5¥öµ'$D†§sÓÒ"À¢&FWb#¢G'VRÀ¢&Æ–6Vç6R#¢$Ô•B ¢ÒÀ¢&æöFUöÖöGVÆW2÷Vç¦—W"#¢°¢'fW'6–öâ#¢#ããB"À¢'&W6öÇfVB#¢&‡GG3¢ò÷&Vv—7G'’æçÖ§2æ÷&r÷Vç¦—W"òÒ÷Vç¦—W"ÓããBçFw¢"À¢&–çFVw&—G’#¢'6†S"×F“Gu¦¢³%F•ƒ$¶ÔµwWv£vÆ…b³&âò÷U„V÷EVÔwU&%e¥4TtdÖ$“c‚¶3d¤5†ÕUu—gD„W£$„³gu‡gVU"ófsÓÒ"À¢&Æ–6Vç6R#¢$Ô•B"À¢&FWVæFVæ6–W2#¢°¢&&–rÖ–çFVvW"#¢%ããbãr"À¢&&–æ'’#¢'ãã2ã"À¢&&ÇVV&—&B#¢'ã2ãBã"À¢&'VffW"Ö–æFW†öb×öÇ–f–ÆÂ#¢'ããã"À¢&GWÆW†W#"#¢'ãããB"À¢&g7G&VÒ#¢%ããã""À¢&w&6VgVÂÖg2#¢%ãBã"ã""À¢&Æ—7FVæW&6÷VçB#¢'ããã"À¢'&VF&ÆR×7G&VÒ#¢'ã"ã2ãb"À¢'6WF–ÖÖVF–FR#¢'ãããB ¢Ð¢ÒÀ¢&æöFUöÖöGVÆW2÷Vç¦—W"öæöFUöÖöGVÆW2÷&VF&ÆR×7G&VÒ#¢°¢'fW'6–öâ#¢#"ã2ã‚"À¢'&W6öÇfVB#¢&‡GG3¢ò÷&Vv—7G'’æçÖ§2æ÷&r÷&VF&ÆR×7G&VÒòÒ÷&VF&ÆR×7G&VÒÓ"ã2ã‚çFw¢"À¢&–çFVw&—G’#¢'6†S"Ó‡V³E„ôFt–Wu6“Ã„W§2´Ufåv”³tæôD”TuS†„Srµ§•“„C”Õ“vöGSVÅ'$e„vssÃT´s…%×VÓCU%GFDÓÒ"À¢&Æ–6Vç6R#¢$Ô•B"À¢&FWVæFVæ6–W2#¢°¢&6÷&R×WF–ÂÖ—2#¢'ããã"À¢&–æ†W&—G2#¢'ã"ãã2"À¢&—6'&’#¢'ããã"À¢'&ö6W72ÖæW‡F–6²Ö&w2#¢'ã"ãã"À¢'6fRÖ'VffW"#¢'ãRãã"À¢'7G&–æuöFV6öFW"#¢'ããã"À¢'WF–ÂÖFW&V6FR#¢'ããã ¢Ð¢ÒÀ¢&æöFUöÖöGVÆW2÷Vç¦—W"öæöFUöÖöGVÆW2÷6fRÖ'VffW"#¢°¢'fW'6–öâ#¢#Rãã""À¢'&W6öÇfVB#¢&‡GG3¢ò÷&Vv—7G'’æçÖ§2æ÷&r÷6fRÖ'VffW"òÒ÷6fRÖ'VffW"ÓRãã"çFw¢"À¢&–çFVw&—G’#¢'6†S"ÔvC%U¤$¤Fµ†Å“tv$§†g4S‚öçd¶µTUSs3†36”ãef•C”ÖÔ„#„vç656ÔÔ¥6ôc„Äô—'C‡VB÷uFö§—3Dsb¶sÓÒ"À¢&Æ–6Vç6R#¢$Ô•B ¢ÒÀ¢&æöFUöÖöGVÆW2÷Vç¦—W"öæöFUöÖöGVÆW2÷7G&–æuöFV6öFW"#¢°¢'fW'6–öâ#¢#ãã"À¢'&W6öÇfVB#¢&‡GG3¢ò÷&Vv—7G'’æçÖ§2æ÷&r÷7G&–æuöFV6öFW"òÒ÷7G&–æuöFV6öFW"ÓããçFw¢"À¢&–çFVw&—G’#¢'6†S"Öâõ6†çdF“dd†&%fgf—&òµvö¦”g§b·3„ÕÔ„&7¥fUeWD¤ÇvôÅC‡CÃE—t$6&“‡¤fTTVFæ´‡••Eö×¥&gvsÓÒ"À¢&Æ–6Vç6R#¢$Ô•B"À¢&FWVæFVæ6–W2#¢°¢'6fRÖ'VffW"#¢'ãRãã ¢Ð¢ÒÀ¢&æöFUöÖöGVÆW2÷WF–ÂÖFW&V6FR#¢°¢'fW'6–öâ#¢#ãã""À¢'&W6öÇfVB#¢&‡GG3¢ò÷&Vv—7G'’æçÖ§2æ÷&r÷WF–ÂÖFW&V6FRòÒ÷WF–ÂÖFW&V6FRÓãã"çFw¢"À¢&–çFVw&—G’#¢'6†S"ÔUCWU‡”g„§7$Æä63ä†ç6tödE¤&ö4–”“%F44ud4£T¤DÖt7¤–µ„ç5U–dCF²òôÅDU‡†”–'$‡F7sÓÒ"À¢&Æ–6Vç6R#¢$Ô•B ¢ÒÀ¢&æöFUöÖöGVÆW2÷WV–B#¢°¢'fW'6–öâ#¢#‚ã2ã""À¢'&W6öÇfVB#¢&‡GG3¢ò÷&Vv—7G'’æçÖ§2æ÷&r÷WV–BòÒ÷WV–BÓ‚ã2ã"çFw¢"À¢&–çFVw&—G’#¢'6†S"Ò´å—3%TÕw’´utdôVÓ—†æãd„4GÃu$CvÖÃ‡¤ÅVÔ¢³“5Täcæö4W&çvµFµ…ddæ•ƒ2ög3fe3„F†"öw£u#vVsÓÒ"À¢&FW&V6FVB#¢'WV–DæB&VÆ÷r—2æòÆöævW"7W÷'FVBâf÷"U4Ò6öFV&6W2ÂWFFRFòWV–DÆFW7Bâf÷"6öÖÖöä¥26öFV&6W2ÂW6RWV–D†'WB&Rv&RF†—2fW'6–öâv–ÆÂÆ–¶VÇ’&RFW&V6FVB–â##‚’â"À¢&Æ–6Vç6R#¢$Ô•B"À¢&&–â#¢°¢'WV–B#¢&F—7Bö&–â÷WV–B ¢Ð¢ÒÀ¢&æöFUöÖöGVÆW2÷w&’#¢°¢'fW'6–öâ#¢#ãã""À¢'&W6öÇfVB#¢&‡GG3¢ò÷&Vv—7G'’æçÖ§2æ÷&r÷w&’òÒ÷w&’Óãã"çFw¢"À¢&–çFVw&—G’#¢'6†S"ÖÃE7ôE'6V÷#—tÃdWec"µGUãc6DÖµ¥¢÷7•†¶v…DV%c”¶Å3…W5£7Srô•óGw‡F4d#F&w&5#57fW¥5ÓÒ"À¢&Æ–6Vç6R#¢$•42 ¢ÒÀ¢&æöFUöÖöGVÆW2÷†ÖÆ6†'2#¢°¢'fW'6–öâ#¢#"ã"ã"À¢'&W6öÇfVB#¢&‡GG3¢ò÷&Vv—7G'’æçÖ§2æ÷&r÷†ÖÆ6†'2òÒ÷†ÖÆ6†'2Ó"ã"ãçFw¢"À¢&–çFVw&—G’#¢'6†S"Ô¥¦äD´³„#$4GsƒDdæDD—¤²´§T§r·3tÇ£†æ·4“u4—US5U„¤§6ÅWF‡6’·Ut%U”÷ugususu$Å&eT·†§F¤d7sÓÒ"À¢&Æ–6Vç6R#¢$Ô•B ¢ÒÀ¢&æöFUöÖöGVÆW2÷¦—×7G&VÒ#¢°¢'fW'6–öâ#¢#Bãã"À¢'&W6öÇfVB#¢&‡GG3¢ò÷&Vv—7G'’æçÖ§2æ÷&r÷¦—×7G&VÒòÒ÷¦—×7G&VÒÓBããçFw¢"À¢&–çFVw&—G’#¢'6†S"Ó—cG&ÄF–÷†sDSc–²·dÔ†¤äãc5”dÖS—5¤×&FÇd¶ä6¦Ä5%vT4'7uÕVg‚¶—4wÅ„†Ss&6&†D¤§3f‡•ÓÒ"À¢&Æ–6Vç6R#¢$Ô•B"À¢&FWVæFVæ6–W2#¢°¢&&6†—fW"×WF–Ç2#¢%ã2ããB"À¢&6ö×&W72Ö6öÖÖöç2#¢%ãBãã""À¢'&VF&ÆR×7G&VÒ#¢%ã2ãbã ¢ÒÀ¢&Væv–æW2#¢°¢&æöFR#¢#ãÒ ¢Ð¢ÒÀ¢&æöFUöÖöGVÆW2÷¦—×7G&VÒöæöFUöÖöGVÆW2ö&6†—fW"×WF–Ç2#¢°¢'fW'6–öâ#¢#2ããB"À¢'&W6öÇfVB#¢&‡GG3¢ò÷&Vv—7G'’æçÖ§2æ÷&rö&6†—fW"×WF–Ç2òÒö&6†—fW"×WF–Ç2Ó2ããBçFw¢"À¢&–çFVw&—G’#¢'6†S"ÔµfvcE…g%F¦‡•v×ƒf7FSE'†öåÅ#–öäW‡Vd“¦‡grôÕD$#d—5¤CVuC„Ç·Rò·&µvæód¦ô‡•–öeU'§sÓÒ"À¢&Æ–6Vç6R#¢$Ô•B"À¢&FWVæFVæ6–W2#¢°¢&vÆö"#¢%ãrã"ã2"À¢&w&6VgVÂÖg2#¢%ãBã"ã"À¢&Æ§—7G&VÒ#¢%ããã"À¢&ÆöF6‚æFVfVÇG2#¢%ãBã"ã"À¢&ÆöF6‚æF–ffW&Væ6R#¢%ãBãRã"À¢&ÆöF6‚æfÆGFVâ#¢%ãBãBã"À¢&ÆöF6‚æ—7Æ–æö&¦V7B#¢%ãBããb"À¢&ÆöF6‚çVæ–öâ#¢%ãBãbã"À¢&æ÷&ÖÆ—¦R×F‚#¢%ã2ãã"À¢'&VF&ÆR×7G&VÒ#¢%ã2ãbã ¢ÒÀ¢&Væv–æW2#¢°¢&æöFR#¢#ãÒ ¢Ð¢Ð¢Ð§Ð